// !$*UTF8*$!
{
	archiveVersion = 1;
	classes = {
	};
	objectVersion = 56;
	objects = {

/* Begin PBXBuildFile section */
		A535A5702C469D0900E1168A /* AppDelegate.swift in Sources */ = {isa = PBXBuildFile; fileRef = A535A56F2C469D0900E1168A /* AppDelegate.swift */; };
		A535A5722C469D0900E1168A /* SceneDelegate.swift in Sources */ = {isa = PBXBuildFile; fileRef = A535A5712C469D0900E1168A /* SceneDelegate.swift */; };
		A535A5742C469D0900E1168A /* ViewController.swift in Sources */ = {isa = PBXBuildFile; fileRef = A535A5732C469D0900E1168A /* ViewController.swift */; };
		A535A5792C469D0B00E1168A /* Assets.xcassets in Resources */ = {isa = PBXBuildFile; fileRef = A535A5782C469D0B00E1168A /* Assets.xcassets */; };
		A535A57C2C469D0B00E1168A /* Base in Resources */ = {isa = PBXBuildFile; fileRef = A535A57B2C469D0B00E1168A /* Base */; };
		A55C9A042C4E6D90009906F3 /* ErrorMessage.swift in Sources */ = {isa = PBXBuildFile; fileRef = A55C9A032C4E6D90009906F3 /* ErrorMessage.swift */; };
		A55C9A082C4E7468009906F3 /* FollowerCollectionViewCell.swift in Sources */ = {isa = PBXBuildFile; fileRef = A55C9A072C4E7468009906F3 /* FollowerCollectionViewCell.swift */; };
		A55C9A0A2C4E750A009906F3 /* GFAvatarImageView.swift in Sources */ = {isa = PBXBuildFile; fileRef = A55C9A092C4E750A009906F3 /* GFAvatarImageView.swift */; };
		A55C9A0D2C4EA56C009906F3 /* UIHelper.swift in Sources */ = {isa = PBXBuildFile; fileRef = A55C9A0C2C4EA56C009906F3 /* UIHelper.swift */; };
		A59EA1DF2C5396DD00C21BF7 /* Character.swift in Sources */ = {isa = PBXBuildFile; fileRef = A59EA1DE2C5396DD00C21BF7 /* Character.swift */; };
		A5AEB9002C4E42C40062C8D3 /* GFTitleLabel.swift in Sources */ = {isa = PBXBuildFile; fileRef = A5AEB8FF2C4E42C40062C8D3 /* GFTitleLabel.swift */; };
		A5AEB9022C4E43660062C8D3 /* GFBodyLabel.swift in Sources */ = {isa = PBXBuildFile; fileRef = A5AEB9012C4E43660062C8D3 /* GFBodyLabel.swift */; };
		A5AEB9042C4E43FF0062C8D3 /* GFSecondaryTitleLabel.swift in Sources */ = {isa = PBXBuildFile; fileRef = A5AEB9032C4E43FF0062C8D3 /* GFSecondaryTitleLabel.swift */; };
		A5AEB9062C4E45050062C8D3 /* GFAlertViewController.swift in Sources */ = {isa = PBXBuildFile; fileRef = A5AEB9052C4E45050062C8D3 /* GFAlertViewController.swift */; };
		A5AEB9082C4E503A0062C8D3 /* UIViewController+Ext.swift in Sources */ = {isa = PBXBuildFile; fileRef = A5AEB9072C4E503A0062C8D3 /* UIViewController+Ext.swift */; };
		A5AEB90F2C4E588B0062C8D3 /* Users.swift in Sources */ = {isa = PBXBuildFile; fileRef = A5AEB90E2C4E588B0062C8D3 /* Users.swift */; };
		A5AEB9112C4E58F40062C8D3 /* Follower.swift in Sources */ = {isa = PBXBuildFile; fileRef = A5AEB9102C4E58F40062C8D3 /* Follower.swift */; };
		A5AEB9142C4E5E9A0062C8D3 /* NetworkManager.swift in Sources */ = {isa = PBXBuildFile; fileRef = A5AEB9132C4E5E9A0062C8D3 /* NetworkManager.swift */; };
		A5BAAF4B2C4C112F00457607 /* FollowerListViewController.swift in Sources */ = {isa = PBXBuildFile; fileRef = A5BAAF4A2C4C112F00457607 /* FollowerListViewController.swift */; };
		A5D3CF6A2C4A508800D1CE72 /* SearchViewController.swift in Sources */ = {isa = PBXBuildFile; fileRef = A5D3CF692C4A508800D1CE72 /* SearchViewController.swift */; };
		A5D3CF6C2C4A50EF00D1CE72 /* FavouritesListViewController.swift in Sources */ = {isa = PBXBuildFile; fileRef = A5D3CF6B2C4A50EF00D1CE72 /* FavouritesListViewController.swift */; };
		A5D3CF6E2C4AB5D200D1CE72 /* GFButton.swift in Sources */ = {isa = PBXBuildFile; fileRef = A5D3CF6D2C4AB5D200D1CE72 /* GFButton.swift */; };
		A5D3CF702C4ABC3700D1CE72 /* GFTextField.swift in Sources */ = {isa = PBXBuildFile; fileRef = A5D3CF6F2C4ABC3700D1CE72 /* GFTextField.swift */; };
/* End PBXBuildFile section */

/* Begin PBXFileReference section */
		A535A56C2C469D0900E1168A /* MyProject.app */ = {isa = PBXFileReference; explicitFileType = wrapper.application; includeInIndex = 0; path = MyProject.app; sourceTree = BUILT_PRODUCTS_DIR; };
		A535A56F2C469D0900E1168A /* AppDelegate.swift */ = {isa = PBXFileReference; lastKnownFileType = sourcecode.swift; path = AppDelegate.swift; sourceTree = "<group>"; };
		A535A5712C469D0900E1168A /* SceneDelegate.swift */ = {isa = PBXFileReference; lastKnownFileType = sourcecode.swift; path = SceneDelegate.swift; sourceTree = "<group>"; };
		A535A5732C469D0900E1168A /* ViewController.swift */ = {isa = PBXFileReference; lastKnownFileType = sourcecode.swift; path = ViewController.swift; sourceTree = "<group>"; };
		A535A5782C469D0B00E1168A /* Assets.xcassets */ = {isa = PBXFileReference; lastKnownFileType = folder.assetcatalog; path = Assets.xcassets; sourceTree = "<group>"; };
		A535A57B2C469D0B00E1168A /* Base */ = {isa = PBXFileReference; lastKnownFileType = file.storyboard; name = Base; path = Base.lproj/LaunchScreen.storyboard; sourceTree = "<group>"; };
		A535A57D2C469D0B00E1168A /* Info.plist */ = {isa = PBXFileReference; lastKnownFileType = text.plist.xml; path = Info.plist; sourceTree = "<group>"; };
		A55C9A032C4E6D90009906F3 /* ErrorMessage.swift */ = {isa = PBXFileReference; lastKnownFileType = sourcecode.swift; path = ErrorMessage.swift; sourceTree = "<group>"; };
		A55C9A072C4E7468009906F3 /* FollowerCollectionViewCell.swift */ = {isa = PBXFileReference; lastKnownFileType = sourcecode.swift; path = FollowerCollectionViewCell.swift; sourceTree = "<group>"; };
		A55C9A092C4E750A009906F3 /* GFAvatarImageView.swift */ = {isa = PBXFileReference; lastKnownFileType = sourcecode.swift; path = GFAvatarImageView.swift; sourceTree = "<group>"; };
		A55C9A0C2C4EA56C009906F3 /* UIHelper.swift */ = {isa = PBXFileReference; lastKnownFileType = sourcecode.swift; path = UIHelper.swift; sourceTree = "<group>"; };
		A59EA1DE2C5396DD00C21BF7 /* Character.swift */ = {isa = PBXFileReference; lastKnownFileType = sourcecode.swift; path = Character.swift; sourceTree = "<group>"; };
		A5AEB8FF2C4E42C40062C8D3 /* GFTitleLabel.swift */ = {isa = PBXFileReference; lastKnownFileType = sourcecode.swift; path = GFTitleLabel.swift; sourceTree = "<group>"; };
		A5AEB9012C4E43660062C8D3 /* GFBodyLabel.swift */ = {isa = PBXFileReference; lastKnownFileType = sourcecode.swift; path = GFBodyLabel.swift; sourceTree = "<group>"; };
		A5AEB9032C4E43FF0062C8D3 /* GFSecondaryTitleLabel.swift */ = {isa = PBXFileReference; lastKnownFileType = sourcecode.swift; path = GFSecondaryTitleLabel.swift; sourceTree = "<group>"; };
		A5AEB9052C4E45050062C8D3 /* GFAlertViewController.swift */ = {isa = PBXFileReference; lastKnownFileType = sourcecode.swift; path = GFAlertViewController.swift; sourceTree = "<group>"; };
		A5AEB9072C4E503A0062C8D3 /* UIViewController+Ext.swift */ = {isa = PBXFileReference; lastKnownFileType = sourcecode.swift; path = "UIViewController+Ext.swift"; sourceTree = "<group>"; };
		A5AEB90E2C4E588B0062C8D3 /* Users.swift */ = {isa = PBXFileReference; lastKnownFileType = sourcecode.swift; path = Users.swift; sourceTree = "<group>"; };
		A5AEB9102C4E58F40062C8D3 /* Follower.swift */ = {isa = PBXFileReference; lastKnownFileType = sourcecode.swift; path = Follower.swift; sourceTree = "<group>"; };
		A5AEB9132C4E5E9A0062C8D3 /* NetworkManager.swift */ = {isa = PBXFileReference; lastKnownFileType = sourcecode.swift; path = NetworkManager.swift; sourceTree = "<group>"; };
		A5BAAF4A2C4C112F00457607 /* FollowerListViewController.swift */ = {isa = PBXFileReference; lastKnownFileType = sourcecode.swift; path = FollowerListViewController.swift; sourceTree = "<group>"; };
		A5D3CF692C4A508800D1CE72 /* SearchViewController.swift */ = {isa = PBXFileReference; lastKnownFileType = sourcecode.swift; path = SearchViewController.swift; sourceTree = "<group>"; };
		A5D3CF6B2C4A50EF00D1CE72 /* FavouritesListViewController.swift */ = {isa = PBXFileReference; lastKnownFileType = sourcecode.swift; path = FavouritesListViewController.swift; sourceTree = "<group>"; };
		A5D3CF6D2C4AB5D200D1CE72 /* GFButton.swift */ = {isa = PBXFileReference; lastKnownFileType = sourcecode.swift; path = GFButton.swift; sourceTree = "<group>"; };
		A5D3CF6F2C4ABC3700D1CE72 /* GFTextField.swift */ = {isa = PBXFileReference; lastKnownFileType = sourcecode.swift; path = GFTextField.swift; sourceTree = "<group>"; };
/* End PBXFileReference section */

/* Begin PBXFrameworksBuildPhase section */
		A535A5692C469D0900E1168A /* Frameworks */ = {
			isa = PBXFrameworksBuildPhase;
			buildActionMask = 2147483647;
			files = (
			);
			runOnlyForDeploymentPostprocessing = 0;
		};
/* End PBXFrameworksBuildPhase section */

/* Begin PBXGroup section */
		A535A5632C469D0900E1168A = {
			isa = PBXGroup;
			children = (
				A535A56E2C469D0900E1168A /* MyProject */,
				A535A56D2C469D0900E1168A /* Products */,
			);
			sourceTree = "<group>";
		};
		A535A56D2C469D0900E1168A /* Products */ = {
			isa = PBXGroup;
			children = (
				A535A56C2C469D0900E1168A /* MyProject.app */,
			);
			name = Products;
			sourceTree = "<group>";
		};
		A535A56E2C469D0900E1168A /* MyProject */ = {
			isa = PBXGroup;
			children = (
				A55C9A0B2C4E80EC009906F3 /* UIHelpers */,
				A55C9A052C4E741B009906F3 /* New Group */,
				A55C9A022C4E6D49009906F3 /* Utilities */,
				A5AEB9122C4E5E8C0062C8D3 /* Managers */,
				A5AEB90A2C4E53AE0062C8D3 /* CustomViews */,
				A5AEB90B2C4E554D0062C8D3 /* Extensions */,
				A5AEB90C2C4E557A0062C8D3 /* Model */,
				A5AEB9092C4E536E0062C8D3 /* Screens-View */,
				A5AEB90D2C4E55AC0062C8D3 /* Support */,
				A535A57D2C469D0B00E1168A /* Info.plist */,
			);
			path = MyProject;
			sourceTree = "<group>";
		};
		A55C9A022C4E6D49009906F3 /* Utilities */ = {
			isa = PBXGroup;
			children = (
				A55C9A032C4E6D90009906F3 /* ErrorMessage.swift */,
				A55C9A0C2C4EA56C009906F3 /* UIHelper.swift */,
			);
			path = Utilities;
			sourceTree = "<group>";
		};
		A55C9A052C4E741B009906F3 /* New Group */ = {
			isa = PBXGroup;
			children = (
			);
			path = "New Group";
			sourceTree = "<group>";
		};
		A55C9A062C4E7427009906F3 /* Cells */ = {
			isa = PBXGroup;
			children = (
				A55C9A072C4E7468009906F3 /* FollowerCollectionViewCell.swift */,
			);
			path = Cells;
			sourceTree = "<group>";
		};
		A55C9A0B2C4E80EC009906F3 /* UIHelpers */ = {
			isa = PBXGroup;
			children = (
			);
			path = UIHelpers;
			sourceTree = "<group>";
		};
		A5AEB9092C4E536E0062C8D3 /* Screens-View */ = {
			isa = PBXGroup;
			children = (
				A5D3CF6B2C4A50EF00D1CE72 /* FavouritesListViewController.swift */,
				A5D3CF692C4A508800D1CE72 /* SearchViewController.swift */,
				A5BAAF4A2C4C112F00457607 /* FollowerListViewController.swift */,
			);
			path = "Screens-View";
			sourceTree = "<group>";
		};
		A5AEB90A2C4E53AE0062C8D3 /* CustomViews */ = {
			isa = PBXGroup;
			children = (
				A55C9A062C4E7427009906F3 /* Cells */,
				A5AEB9052C4E45050062C8D3 /* GFAlertViewController.swift */,
				A5D3CF6D2C4AB5D200D1CE72 /* GFButton.swift */,
				A5AEB8FF2C4E42C40062C8D3 /* GFTitleLabel.swift */,
				A5AEB9012C4E43660062C8D3 /* GFBodyLabel.swift */,
				A5AEB9032C4E43FF0062C8D3 /* GFSecondaryTitleLabel.swift */,
				A5D3CF6F2C4ABC3700D1CE72 /* GFTextField.swift */,
				A55C9A092C4E750A009906F3 /* GFAvatarImageView.swift */,
			);
			path = CustomViews;
			sourceTree = "<group>";
		};
		A5AEB90B2C4E554D0062C8D3 /* Extensions */ = {
			isa = PBXGroup;
			children = (
				A5AEB9072C4E503A0062C8D3 /* UIViewController+Ext.swift */,
			);
			path = Extensions;
			sourceTree = "<group>";
		};
		A5AEB90C2C4E557A0062C8D3 /* Model */ = {
			isa = PBXGroup;
			children = (
				A5AEB90E2C4E588B0062C8D3 /* Users.swift */,
				A5AEB9102C4E58F40062C8D3 /* Follower.swift */,
				A59EA1DE2C5396DD00C21BF7 /* Character.swift */,
			);
			path = Model;
			sourceTree = "<group>";
		};
		A5AEB90D2C4E55AC0062C8D3 /* Support */ = {
			isa = PBXGroup;
			children = (
				A535A57A2C469D0B00E1168A /* LaunchScreen.storyboard */,
				A535A56F2C469D0900E1168A /* AppDelegate.swift */,
				A535A5712C469D0900E1168A /* SceneDelegate.swift */,
				A535A5782C469D0B00E1168A /* Assets.xcassets */,
				A535A5732C469D0900E1168A /* ViewController.swift */,
			);
			path = Support;
			sourceTree = "<group>";
		};
		A5AEB9122C4E5E8C0062C8D3 /* Managers */ = {
			isa = PBXGroup;
			children = (
				A5AEB9132C4E5E9A0062C8D3 /* NetworkManager.swift */,
			);
			path = Managers;
			sourceTree = "<group>";
		};
/* End PBXGroup section */

/* Begin PBXNativeTarget section */
		A535A56B2C469D0900E1168A /* MyProject */ = {
			isa = PBXNativeTarget;
			buildConfigurationList = A535A5802C469D0B00E1168A /* Build configuration list for PBXNativeTarget "MyProject" */;
			buildPhases = (
				A535A5682C469D0900E1168A /* Sources */,
				A535A5692C469D0900E1168A /* Frameworks */,
				A535A56A2C469D0900E1168A /* Resources */,
			);
			buildRules = (
			);
			dependencies = (
			);
			name = MyProject;
			productName = MyProject;
			productReference = A535A56C2C469D0900E1168A /* MyProject.app */;
			productType = "com.apple.product-type.application";
		};
/* End PBXNativeTarget section */

/* Begin PBXProject section */
		A535A5642C469D0900E1168A /* Project object */ = {
			isa = PBXProject;
			attributes = {
				BuildIndependentTargetsInParallel = 1;
				LastSwiftUpdateCheck = 1540;
				LastUpgradeCheck = 1540;
				TargetAttributes = {
					A535A56B2C469D0900E1168A = {
						CreatedOnToolsVersion = 15.4;
					};
				};
			};
			buildConfigurationList = A535A5672C469D0900E1168A /* Build configuration list for PBXProject "MyProject" */;
			compatibilityVersion = "Xcode 14.0";
			developmentRegion = en;
			hasScannedForEncodings = 0;
			knownRegions = (
				en,
				Base,
			);
			mainGroup = A535A5632C469D0900E1168A;
			productRefGroup = A535A56D2C469D0900E1168A /* Products */;
			projectDirPath = "";
			projectRoot = "";
			targets = (
				A535A56B2C469D0900E1168A /* MyProject */,
			);
		};
/* End PBXProject section */

/* Begin PBXResourcesBuildPhase section */
		A535A56A2C469D0900E1168A /* Resources */ = {
			isa = PBXResourcesBuildPhase;
			buildActionMask = 2147483647;
			files = (
				A535A5792C469D0B00E1168A /* Assets.xcassets in Resources */,
				A535A57C2C469D0B00E1168A /* Base in Resources */,
			);
			runOnlyForDeploymentPostprocessing = 0;
		};
/* End PBXResourcesBuildPhase section */

/* Begin PBXSourcesBuildPhase section */
		A535A5682C469D0900E1168A /* Sources */ = {
			isa = PBXSourcesBuildPhase;
			buildActionMask = 2147483647;
			files = (
				A5AEB9002C4E42C40062C8D3 /* GFTitleLabel.swift in Sources */,
				A55C9A042C4E6D90009906F3 /* ErrorMessage.swift in Sources */,
				A55C9A0A2C4E750A009906F3 /* GFAvatarImageView.swift in Sources */,
				A55C9A0D2C4EA56C009906F3 /* UIHelper.swift in Sources */,
				A5AEB9112C4E58F40062C8D3 /* Follower.swift in Sources */,
				A5AEB9082C4E503A0062C8D3 /* UIViewController+Ext.swift in Sources */,
				A5BAAF4B2C4C112F00457607 /* FollowerListViewController.swift in Sources */,
				A5AEB9142C4E5E9A0062C8D3 /* NetworkManager.swift in Sources */,
				A55C9A082C4E7468009906F3 /* FollowerCollectionViewCell.swift in Sources */,
				A59EA1DF2C5396DD00C21BF7 /* Character.swift in Sources */,
				A535A5742C469D0900E1168A /* ViewController.swift in Sources */,
				A535A5702C469D0900E1168A /* AppDelegate.swift in Sources */,
				A5AEB9042C4E43FF0062C8D3 /* GFSecondaryTitleLabel.swift in Sources */,
				A5AEB90F2C4E588B0062C8D3 /* Users.swift in Sources */,
				A5D3CF6E2C4AB5D200D1CE72 /* GFButton.swift in Sources */,
				A5D3CF6A2C4A508800D1CE72 /* SearchViewController.swift in Sources */,
				A535A5722C469D0900E1168A /* SceneDelegate.swift in Sources */,
				A5D3CF6C2C4A50EF00D1CE72 /* FavouritesListViewController.swift in Sources */,
				A5D3CF702C4ABC3700D1CE72 /* GFTextField.swift in Sources */,
				A5AEB9062C4E45050062C8D3 /* GFAlertViewController.swift in Sources */,
				A5AEB9022C4E43660062C8D3 /* GFBodyLabel.swift in Sources */,
			);
			runOnlyForDeploymentPostprocessing = 0;
		};
/* End PBXSourcesBuildPhase section */

/* Begin PBXVariantGroup section */
		A535A57A2C469D0B00E1168A /* LaunchScreen.storyboard */ = {
			isa = PBXVariantGroup;
			children = (
				A535A57B2C469D0B00E1168A /* Base */,
			);
			name = LaunchScreen.storyboard;
			sourceTree = "<group>";
		};
/* End PBXVariantGroup section */

/* Begin XCBuildConfiguration section */
		A535A57E2C469D0B00E1168A /* Debug */ = {
			isa = XCBuildConfiguration;
			buildSettings = {
				ALWAYS_SEARCH_USER_PATHS = NO;
				ASSETCATALOG_COMPILER_GENERATE_SWIFT_ASSET_SYMBOL_EXTENSIONS = YES;
				CLANG_ANALYZER_NONNULL = YES;
				CLANG_ANALYZER_NUMBER_OBJECT_CONVERSION = YES_AGGRESSIVE;
				CLANG_CXX_LANGUAGE_STANDARD = "gnu++20";
				CLANG_ENABLE_MODULES = YES;
				CLANG_ENABLE_OBJC_ARC = YES;
				CLANG_ENABLE_OBJC_WEAK = YES;
				CLANG_WARN_BLOCK_CAPTURE_AUTORELEASING = YES;
				CLANG_WARN_BOOL_CONVERSION = YES;
				CLANG_WARN_COMMA = YES;
				CLANG_WARN_CONSTANT_CONVERSION = YES;
				CLANG_WARN_DEPRECATED_OBJC_IMPLEMENTATIONS = YES;
				CLANG_WARN_DIRECT_OBJC_ISA_USAGE = YES_ERROR;
				CLANG_WARN_DOCUMENTATION_COMMENTS = YES;
				CLANG_WARN_EMPTY_BODY = YES;
				CLANG_WARN_ENUM_CONVERSION = YES;
				CLANG_WARN_INFINITE_RECURSION = YES;
				CLANG_WARN_INT_CONVERSION = YES;
				CLANG_WARN_NON_LITERAL_NULL_CONVERSION = YES;
				CLANG_WARN_OBJC_IMPLICIT_RETAIN_SELF = YES;
				CLANG_WARN_OBJC_LITERAL_CONVERSION = YES;
				CLANG_WARN_OBJC_ROOT_CLASS = YES_ERROR;
				CLANG_WARN_QUOTED_INCLUDE_IN_FRAMEWORK_HEADER = YES;
				CLANG_WARN_RANGE_LOOP_ANALYSIS = YES;
				CLANG_WARN_STRICT_PROTOTYPES = YES;
				CLANG_WARN_SUSPICIOUS_MOVE = YES;
				CLANG_WARN_UNGUARDED_AVAILABILITY = YES_AGGRESSIVE;
				CLANG_WARN_UNREACHABLE_CODE = YES;
				CLANG_WARN__DUPLICATE_METHOD_MATCH = YES;
				COPY_PHASE_STRIP = NO;
				DEBUG_INFORMATION_FORMAT = dwarf;
				ENABLE_STRICT_OBJC_MSGSEND = YES;
				ENABLE_TESTABILITY = YES;
				ENABLE_USER_SCRIPT_SANDBOXING = YES;
				GCC_C_LANGUAGE_STANDARD = gnu17;
				GCC_DYNAMIC_NO_PIC = NO;
				GCC_NO_COMMON_BLOCKS = YES;
				GCC_OPTIMIZATION_LEVEL = 0;
				GCC_PREPROCESSOR_DEFINITIONS = (
					"DEBUG=1",
					"$(inherited)",
				);
				GCC_WARN_64_TO_32_BIT_CONVERSION = YES;
				GCC_WARN_ABOUT_RETURN_TYPE = YES_ERROR;
				GCC_WARN_UNDECLARED_SELECTOR = YES;
				GCC_WARN_UNINITIALIZED_AUTOS = YES_AGGRESSIVE;
				GCC_WARN_UNUSED_FUNCTION = YES;
				GCC_WARN_UNUSED_VARIABLE = YES;
				IPHONEOS_DEPLOYMENT_TARGET = 17.5;
				LOCALIZATION_PREFERS_STRING_CATALOGS = YES;
				MTL_ENABLE_DEBUG_INFO = INCLUDE_SOURCE;
				MTL_FAST_MATH = YES;
				ONLY_ACTIVE_ARCH = YES;
				SDKROOT = iphoneos;
				SWIFT_ACTIVE_COMPILATION_CONDITIONS = "DEBUG $(inherited)";
				SWIFT_OPTIMIZATION_LEVEL = "-Onone";
			};
			name = Debug;
		};
		A535A57F2C469D0B00E1168A /* Release */ = {
			isa = XCBuildConfiguration;
			buildSettings = {
				ALWAYS_SEARCH_USER_PATHS = NO;
				ASSETCATALOG_COMPILER_GENERATE_SWIFT_ASSET_SYMBOL_EXTENSIONS = YES;
				CLANG_ANALYZER_NONNULL = YES;
				CLANG_ANALYZER_NUMBER_OBJECT_CONVERSION = YES_AGGRESSIVE;
				CLANG_CXX_LANGUAGE_STANDARD = "gnu++20";
				CLANG_ENABLE_MODULES = YES;
				CLANG_ENABLE_OBJC_ARC = YES;
				CLANG_ENABLE_OBJC_WEAK = YES;
				CLANG_WARN_BLOCK_CAPTURE_AUTORELEASING = YES;
				CLANG_WARN_BOOL_CONVERSION = YES;
				CLANG_WARN_COMMA = YES;
				CLANG_WARN_CONSTANT_CONVERSION = YES;
				CLANG_WARN_DEPRECATED_OBJC_IMPLEMENTATIONS = YES;
				CLANG_WARN_DIRECT_OBJC_ISA_USAGE = YES_ERROR;
				CLANG_WARN_DOCUMENTATION_COMMENTS = YES;
				CLANG_WARN_EMPTY_BODY = YES;
				CLANG_WARN_ENUM_CONVERSION = YES;
				CLANG_WARN_INFINITE_RECURSION = YES;
				CLANG_WARN_INT_CONVERSION = YES;
				CLANG_WARN_NON_LITERAL_NULL_CONVERSION = YES;
				CLANG_WARN_OBJC_IMPLICIT_RETAIN_SELF = YES;
				CLANG_WARN_OBJC_LITERAL_CONVERSION = YES;
				CLANG_WARN_OBJC_ROOT_CLASS = YES_ERROR;
				CLANG_WARN_QUOTED_INCLUDE_IN_FRAMEWORK_HEADER = YES;
				CLANG_WARN_RANGE_LOOP_ANALYSIS = YES;
				CLANG_WARN_STRICT_PROTOTYPES = YES;
				CLANG_WARN_SUSPICIOUS_MOVE = YES;
				CLANG_WARN_UNGUARDED_AVAILABILITY = YES_AGGRESSIVE;
				CLANG_WARN_UNREACHABLE_CODE = YES;
				CLANG_WARN__DUPLICATE_METHOD_MATCH = YES;
				COPY_PHASE_STRIP = NO;
				DEBUG_INFORMATION_FORMAT = "dwarf-with-dsym";
				ENABLE_NS_ASSERTIONS = NO;
				ENABLE_STRICT_OBJC_MSGSEND = YES;
				ENABLE_USER_SCRIPT_SANDBOXING = YES;
				GCC_C_LANGUAGE_STANDARD = gnu17;
				GCC_NO_COMMON_BLOCKS = YES;
				GCC_WARN_64_TO_32_BIT_CONVERSION = YES;
				GCC_WARN_ABOUT_RETURN_TYPE = YES_ERROR;
				GCC_WARN_UNDECLARED_SELECTOR = YES;
				GCC_WARN_UNINITIALIZED_AUTOS = YES_AGGRESSIVE;
				GCC_WARN_UNUSED_FUNCTION = YES;
				GCC_WARN_UNUSED_VARIABLE = YES;
				IPHONEOS_DEPLOYMENT_TARGET = 17.5;
				LOCALIZATION_PREFERS_STRING_CATALOGS = YES;
				MTL_ENABLE_DEBUG_INFO = NO;
				MTL_FAST_MATH = YES;
				SDKROOT = iphoneos;
				SWIFT_COMPILATION_MODE = wholemodule;
				VALIDATE_PRODUCT = YES;
			};
			name = Release;
		};
		A535A5812C469D0B00E1168A /* Debug */ = {
			isa = XCBuildConfiguration;
			buildSettings = {
				ASSETCATALOG_COMPILER_APPICON_NAME = AppIcon;
				ASSETCATALOG_COMPILER_GLOBAL_ACCENT_COLOR_NAME = AccentColor;
				CODE_SIGN_STYLE = Automatic;
				CURRENT_PROJECT_VERSION = 1;
				GENERATE_INFOPLIST_FILE = YES;
				INFOPLIST_FILE = MyProject/Info.plist;
				INFOPLIST_KEY_LSApplicationCategoryType = "";
				INFOPLIST_KEY_UIApplicationSupportsIndirectInputEvents = YES;
				INFOPLIST_KEY_UILaunchStoryboardName = LaunchScreen;
				INFOPLIST_KEY_UISupportedInterfaceOrientations = "UIInterfaceOrientationLandscapeLeft UIInterfaceOrientationLandscapeRight UIInterfaceOrientationPortrait";
				INFOPLIST_KEY_UISupportedInterfaceOrientations_iPad = UIInterfaceOrientationPortrait;
				IPHONEOS_DEPLOYMENT_TARGET = 13.2;
				LD_RUNPATH_SEARCH_PATHS = (
					"$(inherited)",
					"@executable_path/Frameworks",
				);
				MARKETING_VERSION = 1.0;
				PRODUCT_BUNDLE_IDENTIFIER = Com.Nagarro.MyProject;
				PRODUCT_NAME = "$(TARGET_NAME)";
				SWIFT_EMIT_LOC_STRINGS = YES;
				SWIFT_VERSION = 5.0;
				TARGETED_DEVICE_FAMILY = "1,2";
			};
			name = Debug;
		};
		A535A5822C469D0B00E1168A /* Release */ = {
			isa = XCBuildConfiguration;
			buildSettings = {
				ASSETCATALOG_COMPILER_APPICON_NAME = AppIcon;
				ASSETCATALOG_COMPILER_GLOBAL_ACCENT_COLOR_NAME = AccentColor;
				CODE_SIGN_STYLE = Automatic;
				CURRENT_PROJECT_VERSION = 1;
				GENERATE_INFOPLIST_FILE = YES;
				INFOPLIST_FILE = MyProject/Info.plist;
				INFOPLIST_KEY_LSApplicationCategoryType = "";
				INFOPLIST_KEY_UIApplicationSupportsIndirectInputEvents = YES;
				INFOPLIST_KEY_UILaunchStoryboardName = LaunchScreen;
				INFOPLIST_KEY_UISupportedInterfaceOrientations = "UIInterfaceOrientationLandscapeLeft UIInterfaceOrientationLandscapeRight UIInterfaceOrientationPortrait";
				INFOPLIST_KEY_UISupportedInterfaceOrientations_iPad = UIInterfaceOrientationPortrait;
				IPHONEOS_DEPLOYMENT_TARGET = 13.2;
				LD_RUNPATH_SEARCH_PATHS = (
					"$(inherited)",
					"@executable_path/Frameworks",
				);
				MARKETING_VERSION = 1.0;
				PRODUCT_BUNDLE_IDENTIFIER = Com.Nagarro.MyProject;
				PRODUCT_NAME = "$(TARGET_NAME)";
				SWIFT_EMIT_LOC_STRINGS = YES;
				SWIFT_VERSION = 5.0;
				TARGETED_DEVICE_FAMILY = "1,2";
			};
			name = Release;
		};
/* End XCBuildConfiguration section */

/* Begin XCConfigurationList section */
		A535A5672C469D0900E1168A /* Build configuration list for PBXProject "MyProject" */ = {
			isa = XCConfigurationList;
			buildConfigurations = (
				A535A57E2C469D0B00E1168A /* Debug */,
				A535A57F2C469D0B00E1168A /* Release */,
			);
			defaultConfigurationIsVisible = 0;
			defaultConfigurationName = Release;
		};
		A535A5802C469D0B00E1168A /* Build configuration list for PBXNativeTarget "MyProject" */ = {
			isa = XCConfigurationList;
			buildConfigurations = (
				A535A5812C469D0B00E1168A /* Debug */,
				A535A5822C469D0B00E1168A /* Release */,
			);
			defaultConfigurationIsVisible = 0;
			defaultConfigurationName = Release;
		};
/* End XCConfigurationList section */
	};
	rootObject = A535A5642C469D0900E1168A /* Project object */;
}
